
Microsoft Visual Studio Solution File, Format Version 12.00
# Visual Studio Version 17
VisualStudioVersion = 17.11.35327.3
MinimumVisualStudioVersion = 10.0.40219.1
Project("{FAE04EC0-301F-11D3-BF4B-00C04F79EFBC}") = "Dragut_Elisa_Lab1", "Dragut_Elisa_Lab1.csproj", "{9CB70FE3-4218-411C-BDB2-843E79CA4DD8}"
EndProject
Global
	GlobalSection(SolutionConfigurationPlatforms) = preSolution
		Debug|Any CPU = Debug|Any CPU
		Release|Any CPU = Release|Any CPU
	EndGlobalSection
	GlobalSection(ProjectConfigurationPlatforms) = postSolution
		{9CB70FE3-4218-411C-BDB2-843E79CA4DD8}.Debug|Any CPU.ActiveCfg = Debug|Any CPU
		{9CB70FE3-4218-411C-BDB2-843E79CA4DD8}.Debug|Any CPU.Build.0 = Debug|Any CPU
		{9CB70FE3-4218-411C-BDB2-843E79CA4DD8}.Release|Any CPU.ActiveCfg = Release|Any CPU
		{9CB70FE3-4218-411C-BDB2-843E79CA4DD8}.Release|Any CPU.Build.0 = Release|Any CPU
	EndGlobalSection
	GlobalSection(SolutionProperties) = preSolution
		HideSolutionNode = FALSE
	EndGlobalSection
	GlobalSection(ExtensibilityGlobals) = postSolution
		SolutionGuid = {CB60E54E-8E8A-46A3-918A-0BFF91720502}
	EndGlobalSection
EndGlobal
